// !$*UTF8*$!
{
	archiveVersion = 1;
	classes = {
	};
	objectVersion = 46;
	objects = {

/* Begin PBXAggregateTarget section */
		"rswift::rswiftPackageTests::ProductTarget" /* rswiftPackageTests */ = {
			isa = PBXAggregateTarget;
			buildConfigurationList = OBJ_243 /* Build configuration list for PBXAggregateTarget "rswiftPackageTests" */;
			buildPhases = (
			);
			dependencies = (
				OBJ_246 /* PBXTargetDependency */,
			);
			name = rswiftPackageTests;
			productName = rswiftPackageTests;
		};
/* End PBXAggregateTarget section */

/* Begin PBXBuildFile section */
		OBJ_113 /* ArgumentConvertible.swift in Sources */ = {isa = PBXBuildFile; fileRef = OBJ_86 /* ArgumentConvertible.swift */; };
		OBJ_114 /* ArgumentDescription.swift in Sources */ = {isa = PBXBuildFile; fileRef = OBJ_87 /* ArgumentDescription.swift */; };
		OBJ_115 /* ArgumentParser.swift in Sources */ = {isa = PBXBuildFile; fileRef = OBJ_88 /* ArgumentParser.swift */; };
		OBJ_116 /* Command.swift in Sources */ = {isa = PBXBuildFile; fileRef = OBJ_89 /* Command.swift */; };
		OBJ_117 /* CommandRunner.swift in Sources */ = {isa = PBXBuildFile; fileRef = OBJ_90 /* CommandRunner.swift */; };
		OBJ_118 /* CommandType.swift in Sources */ = {isa = PBXBuildFile; fileRef = OBJ_91 /* CommandType.swift */; };
		OBJ_119 /* Commands.swift in Sources */ = {isa = PBXBuildFile; fileRef = OBJ_92 /* Commands.swift */; };
		OBJ_120 /* Error.swift in Sources */ = {isa = PBXBuildFile; fileRef = OBJ_93 /* Error.swift */; };
		OBJ_121 /* Group.swift in Sources */ = {isa = PBXBuildFile; fileRef = OBJ_94 /* Group.swift */; };
		OBJ_128 /* Package.swift in Sources */ = {isa = PBXBuildFile; fileRef = OBJ_95 /* Package.swift */; };
		OBJ_134 /* CallInformation.swift in Sources */ = {isa = PBXBuildFile; fileRef = OBJ_11 /* CallInformation.swift */; };
		OBJ_135 /* AggregatedStructGenerator.swift in Sources */ = {isa = PBXBuildFile; fileRef = OBJ_13 /* AggregatedStructGenerator.swift */; };
		OBJ_136 /* ColorStructGenerator.swift in Sources */ = {isa = PBXBuildFile; fileRef = OBJ_14 /* ColorStructGenerator.swift */; };
		OBJ_137 /* FontStructGenerator.swift in Sources */ = {isa = PBXBuildFile; fileRef = OBJ_15 /* FontStructGenerator.swift */; };
		OBJ_138 /* ImageStructGenerator.swift in Sources */ = {isa = PBXBuildFile; fileRef = OBJ_16 /* ImageStructGenerator.swift */; };
		OBJ_139 /* NibStructGenerator.swift in Sources */ = {isa = PBXBuildFile; fileRef = OBJ_17 /* NibStructGenerator.swift */; };
		OBJ_140 /* ResourceFileStructGenerator.swift in Sources */ = {isa = PBXBuildFile; fileRef = OBJ_18 /* ResourceFileStructGenerator.swift */; };
		OBJ_141 /* ReuseIdentifierGenerator.swift in Sources */ = {isa = PBXBuildFile; fileRef = OBJ_19 /* ReuseIdentifierGenerator.swift */; };
		OBJ_142 /* SegueGenerator.swift in Sources */ = {isa = PBXBuildFile; fileRef = OBJ_20 /* SegueGenerator.swift */; };
		OBJ_143 /* StoryboardGenerator.swift in Sources */ = {isa = PBXBuildFile; fileRef = OBJ_21 /* StoryboardGenerator.swift */; };
		OBJ_144 /* StringsStructGenerator.swift in Sources */ = {isa = PBXBuildFile; fileRef = OBJ_22 /* StringsStructGenerator.swift */; };
		OBJ_145 /* StructGenerator.swift in Sources */ = {isa = PBXBuildFile; fileRef = OBJ_23 /* StructGenerator.swift */; };
		OBJ_146 /* ValidatedStructGenerator.swift in Sources */ = {isa = PBXBuildFile; fileRef = OBJ_24 /* ValidatedStructGenerator.swift */; };
		OBJ_147 /* AssetFolder.swift in Sources */ = {isa = PBXBuildFile; fileRef = OBJ_26 /* AssetFolder.swift */; };
		OBJ_148 /* ColorPalette.swift in Sources */ = {isa = PBXBuildFile; fileRef = OBJ_27 /* ColorPalette.swift */; };
		OBJ_149 /* Font.swift in Sources */ = {isa = PBXBuildFile; fileRef = OBJ_28 /* Font.swift */; };
		OBJ_150 /* Image.swift in Sources */ = {isa = PBXBuildFile; fileRef = OBJ_29 /* Image.swift */; };
		OBJ_151 /* Locale.swift in Sources */ = {isa = PBXBuildFile; fileRef = OBJ_30 /* Locale.swift */; };
		OBJ_152 /* LocalizableStrings.swift in Sources */ = {isa = PBXBuildFile; fileRef = OBJ_31 /* LocalizableStrings.swift */; };
		OBJ_153 /* Nib.swift in Sources */ = {isa = PBXBuildFile; fileRef = OBJ_32 /* Nib.swift */; };
		OBJ_154 /* ResourceFile.swift in Sources */ = {isa = PBXBuildFile; fileRef = OBJ_33 /* ResourceFile.swift */; };
		OBJ_155 /* Resources.swift in Sources */ = {isa = PBXBuildFile; fileRef = OBJ_34 /* Resources.swift */; };
		OBJ_156 /* ReusableContainer.swift in Sources */ = {isa = PBXBuildFile; fileRef = OBJ_35 /* ReusableContainer.swift */; };
		OBJ_157 /* Storyboard.swift in Sources */ = {isa = PBXBuildFile; fileRef = OBJ_36 /* Storyboard.swift */; };
		OBJ_158 /* StringParam.swift in Sources */ = {isa = PBXBuildFile; fileRef = OBJ_37 /* StringParam.swift */; };
		OBJ_159 /* Unifiable.swift in Sources */ = {isa = PBXBuildFile; fileRef = OBJ_38 /* Unifiable.swift */; };
		OBJ_160 /* WhiteListedExtensionsResourceType.swift in Sources */ = {isa = PBXBuildFile; fileRef = OBJ_39 /* WhiteListedExtensionsResourceType.swift */; };
		OBJ_161 /* Xcodeproj.swift in Sources */ = {isa = PBXBuildFile; fileRef = OBJ_40 /* Xcodeproj.swift */; };
		OBJ_162 /* RswiftCore.swift in Sources */ = {isa = PBXBuildFile; fileRef = OBJ_41 /* RswiftCore.swift */; };
		OBJ_163 /* AccessLevel.swift in Sources */ = {isa = PBXBuildFile; fileRef = OBJ_43 /* AccessLevel.swift */; };
		OBJ_164 /* Class.swift in Sources */ = {isa = PBXBuildFile; fileRef = OBJ_44 /* Class.swift */; };
		OBJ_165 /* HeaderPrinter.swift in Sources */ = {isa = PBXBuildFile; fileRef = OBJ_46 /* HeaderPrinter.swift */; };
		OBJ_166 /* ImportPrinter.swift in Sources */ = {isa = PBXBuildFile; fileRef = OBJ_47 /* ImportPrinter.swift */; };
		OBJ_167 /* SwiftCodeConverible.swift in Sources */ = {isa = PBXBuildFile; fileRef = OBJ_48 /* SwiftCodeConverible.swift */; };
		OBJ_168 /* TypePrinter.swift in Sources */ = {isa = PBXBuildFile; fileRef = OBJ_49 /* TypePrinter.swift */; };
		OBJ_169 /* Function.swift in Sources */ = {isa = PBXBuildFile; fileRef = OBJ_50 /* Function.swift */; };
		OBJ_170 /* Let.swift in Sources */ = {isa = PBXBuildFile; fileRef = OBJ_51 /* Let.swift */; };
		OBJ_171 /* Module.swift in Sources */ = {isa = PBXBuildFile; fileRef = OBJ_52 /* Module.swift */; };
		OBJ_172 /* Struct.swift in Sources */ = {isa = PBXBuildFile; fileRef = OBJ_53 /* Struct.swift */; };
		OBJ_173 /* Type.swift in Sources */ = {isa = PBXBuildFile; fileRef = OBJ_54 /* Type.swift */; };
		OBJ_174 /* TypeVar.swift in Sources */ = {isa = PBXBuildFile; fileRef = OBJ_55 /* TypeVar.swift */; };
		OBJ_175 /* Typealias.swift in Sources */ = {isa = PBXBuildFile; fileRef = OBJ_56 /* Typealias.swift */; };
		OBJ_176 /* ErrorOutput.swift in Sources */ = {isa = PBXBuildFile; fileRef = OBJ_58 /* ErrorOutput.swift */; };
		OBJ_177 /* Glob.swift in Sources */ = {isa = PBXBuildFile; fileRef = OBJ_59 /* Glob.swift */; };
		OBJ_178 /* IgnoreFile.swift in Sources */ = {isa = PBXBuildFile; fileRef = OBJ_60 /* IgnoreFile.swift */; };
		OBJ_179 /* Struct+InternalProperties.swift in Sources */ = {isa = PBXBuildFile; fileRef = OBJ_61 /* Struct+InternalProperties.swift */; };
		OBJ_180 /* SwiftIdentifier.swift in Sources */ = {isa = PBXBuildFile; fileRef = OBJ_62 /* SwiftIdentifier.swift */; };
		OBJ_181 /* TypeSequenceProvider.swift in Sources */ = {isa = PBXBuildFile; fileRef = OBJ_63 /* TypeSequenceProvider.swift */; };
		OBJ_182 /* UtilExtensions.swift in Sources */ = {isa = PBXBuildFile; fileRef = OBJ_64 /* UtilExtensions.swift */; };
		OBJ_184 /* XcodeEdit.framework in Frameworks */ = {isa = PBXBuildFile; fileRef = "XcodeEdit::XcodeEdit::Product" /* XcodeEdit.framework */; };
		OBJ_185 /* Commander.framework in Frameworks */ = {isa = PBXBuildFile; fileRef = "Commander::Commander::Product" /* Commander.framework */; };
		OBJ_194 /* GlobTests.swift in Sources */ = {isa = PBXBuildFile; fileRef = OBJ_70 /* GlobTests.swift */; };
		OBJ_195 /* MainTests.swift in Sources */ = {isa = PBXBuildFile; fileRef = OBJ_71 /* MainTests.swift */; };
		OBJ_197 /* RswiftCore.framework in Frameworks */ = {isa = PBXBuildFile; fileRef = "rswift::RswiftCore::Product" /* RswiftCore.framework */; };
		OBJ_198 /* XcodeEdit.framework in Frameworks */ = {isa = PBXBuildFile; fileRef = "XcodeEdit::XcodeEdit::Product" /* XcodeEdit.framework */; };
		OBJ_199 /* Commander.framework in Frameworks */ = {isa = PBXBuildFile; fileRef = "Commander::Commander::Product" /* Commander.framework */; };
		OBJ_207 /* AllObjects.swift in Sources */ = {isa = PBXBuildFile; fileRef = OBJ_75 /* AllObjects.swift */; };
		OBJ_208 /* Extensions.swift in Sources */ = {isa = PBXBuildFile; fileRef = OBJ_76 /* Extensions.swift */; };
		OBJ_209 /* PBXIdentifier.swift in Sources */ = {isa = PBXBuildFile; fileRef = OBJ_77 /* PBXIdentifier.swift */; };
		OBJ_210 /* PBXObject+Fields.swift in Sources */ = {isa = PBXBuildFile; fileRef = OBJ_78 /* PBXObject+Fields.swift */; };
		OBJ_211 /* PBXObject.swift in Sources */ = {isa = PBXBuildFile; fileRef = OBJ_79 /* PBXObject.swift */; };
		OBJ_212 /* Serialization.swift in Sources */ = {isa = PBXBuildFile; fileRef = OBJ_80 /* Serialization.swift */; };
		OBJ_213 /* XCProjectFile+Rswift.swift in Sources */ = {isa = PBXBuildFile; fileRef = OBJ_81 /* XCProjectFile+Rswift.swift */; };
		OBJ_214 /* XCProjectFile.swift in Sources */ = {isa = PBXBuildFile; fileRef = OBJ_82 /* XCProjectFile.swift */; };
		OBJ_221 /* Package.swift in Sources */ = {isa = PBXBuildFile; fileRef = OBJ_83 /* Package.swift */; };
		OBJ_227 /* Rswift.swift in Sources */ = {isa = PBXBuildFile; fileRef = OBJ_66 /* Rswift.swift */; };
		OBJ_228 /* main.swift in Sources */ = {isa = PBXBuildFile; fileRef = OBJ_67 /* main.swift */; };
		OBJ_230 /* RswiftCore.framework in Frameworks */ = {isa = PBXBuildFile; fileRef = "rswift::RswiftCore::Product" /* RswiftCore.framework */; };
		OBJ_231 /* XcodeEdit.framework in Frameworks */ = {isa = PBXBuildFile; fileRef = "XcodeEdit::XcodeEdit::Product" /* XcodeEdit.framework */; };
		OBJ_232 /* Commander.framework in Frameworks */ = {isa = PBXBuildFile; fileRef = "Commander::Commander::Product" /* Commander.framework */; };
		OBJ_241 /* Package.swift in Sources */ = {isa = PBXBuildFile; fileRef = OBJ_6 /* Package.swift */; };
/* End PBXBuildFile section */

/* Begin PBXContainerItemProxy section */
		DC977A47228D37CC00694743 /* PBXContainerItemProxy */ = {
			isa = PBXContainerItemProxy;
			containerPortal = OBJ_1 /* Project object */;
			proxyType = 1;
			remoteGlobalIDString = "rswift::RswiftCore";
			remoteInfo = RswiftCore;
		};
		DC977A48228D37CC00694743 /* PBXContainerItemProxy */ = {
			isa = PBXContainerItemProxy;
			containerPortal = OBJ_1 /* Project object */;
			proxyType = 1;
			remoteGlobalIDString = "XcodeEdit::XcodeEdit";
			remoteInfo = XcodeEdit;
		};
		DC977A49228D37CC00694743 /* PBXContainerItemProxy */ = {
			isa = PBXContainerItemProxy;
			containerPortal = OBJ_1 /* Project object */;
			proxyType = 1;
			remoteGlobalIDString = "Commander::Commander";
			remoteInfo = Commander;
		};
		DC977A4A228D37CC00694743 /* PBXContainerItemProxy */ = {
			isa = PBXContainerItemProxy;
			containerPortal = OBJ_1 /* Project object */;
			proxyType = 1;
			remoteGlobalIDString = "XcodeEdit::XcodeEdit";
			remoteInfo = XcodeEdit;
		};
		DC977A4B228D37CC00694743 /* PBXContainerItemProxy */ = {
			isa = PBXContainerItemProxy;
			containerPortal = OBJ_1 /* Project object */;
			proxyType = 1;
			remoteGlobalIDString = "Commander::Commander";
			remoteInfo = Commander;
		};
		DC977A4C228D37CC00694743 /* PBXContainerItemProxy */ = {
			isa = PBXContainerItemProxy;
			containerPortal = OBJ_1 /* Project object */;
			proxyType = 1;
			remoteGlobalIDString = "rswift::RswiftCore";
			remoteInfo = RswiftCore;
		};
		DC977A4D228D37CC00694743 /* PBXContainerItemProxy */ = {
			isa = PBXContainerItemProxy;
			containerPortal = OBJ_1 /* Project object */;
			proxyType = 1;
			remoteGlobalIDString = "XcodeEdit::XcodeEdit";
			remoteInfo = XcodeEdit;
		};
		DC977A4E228D37CC00694743 /* PBXContainerItemProxy */ = {
			isa = PBXContainerItemProxy;
			containerPortal = OBJ_1 /* Project object */;
			proxyType = 1;
			remoteGlobalIDString = "Commander::Commander";
			remoteInfo = Commander;
		};
		DC977A4F228D37E700694743 /* PBXContainerItemProxy */ = {
			isa = PBXContainerItemProxy;
			containerPortal = OBJ_1 /* Project object */;
			proxyType = 1;
			remoteGlobalIDString = "rswift::RswiftCoreTests";
			remoteInfo = RswiftCoreTests;
		};
/* End PBXContainerItemProxy section */

/* Begin PBXFileReference section */
		"Commander::Commander::Product" /* Commander.framework */ = {isa = PBXFileReference; explicitFileType = wrapper.framework; path = Commander.framework; sourceTree = BUILT_PRODUCTS_DIR; };
		OBJ_102 /* R.swiftTests */ = {isa = PBXFileReference; lastKnownFileType = folder; path = R.swiftTests; sourceTree = SOURCE_ROOT; };
		OBJ_103 /* Documentation */ = {isa = PBXFileReference; lastKnownFileType = folder; path = Documentation; sourceTree = SOURCE_ROOT; };
		OBJ_104 /* ResourceApp */ = {isa = PBXFileReference; lastKnownFileType = folder; path = ResourceApp; sourceTree = SOURCE_ROOT; };
		OBJ_105 /* Pods */ = {isa = PBXFileReference; lastKnownFileType = folder; path = Pods; sourceTree = SOURCE_ROOT; };
		OBJ_106 /* ResourceApp.xcworkspace */ = {isa = PBXFileReference; lastKnownFileType = wrapper.workspace; path = ResourceApp.xcworkspace; sourceTree = SOURCE_ROOT; };
		OBJ_107 /* fastlane */ = {isa = PBXFileReference; lastKnownFileType = folder; path = fastlane; sourceTree = SOURCE_ROOT; };
		OBJ_11 /* CallInformation.swift */ = {isa = PBXFileReference; lastKnownFileType = sourcecode.swift; path = CallInformation.swift; sourceTree = "<group>"; };
		OBJ_13 /* AggregatedStructGenerator.swift */ = {isa = PBXFileReference; lastKnownFileType = sourcecode.swift; path = AggregatedStructGenerator.swift; sourceTree = "<group>"; };
		OBJ_14 /* ColorStructGenerator.swift */ = {isa = PBXFileReference; lastKnownFileType = sourcecode.swift; path = ColorStructGenerator.swift; sourceTree = "<group>"; };
		OBJ_15 /* FontStructGenerator.swift */ = {isa = PBXFileReference; lastKnownFileType = sourcecode.swift; path = FontStructGenerator.swift; sourceTree = "<group>"; };
		OBJ_16 /* ImageStructGenerator.swift */ = {isa = PBXFileReference; lastKnownFileType = sourcecode.swift; path = ImageStructGenerator.swift; sourceTree = "<group>"; };
		OBJ_17 /* NibStructGenerator.swift */ = {isa = PBXFileReference; lastKnownFileType = sourcecode.swift; path = NibStructGenerator.swift; sourceTree = "<group>"; };
		OBJ_18 /* ResourceFileStructGenerator.swift */ = {isa = PBXFileReference; lastKnownFileType = sourcecode.swift; path = ResourceFileStructGenerator.swift; sourceTree = "<group>"; };
		OBJ_19 /* ReuseIdentifierGenerator.swift */ = {isa = PBXFileReference; lastKnownFileType = sourcecode.swift; path = ReuseIdentifierGenerator.swift; sourceTree = "<group>"; };
		OBJ_20 /* SegueGenerator.swift */ = {isa = PBXFileReference; lastKnownFileType = sourcecode.swift; path = SegueGenerator.swift; sourceTree = "<group>"; };
		OBJ_21 /* StoryboardGenerator.swift */ = {isa = PBXFileReference; lastKnownFileType = sourcecode.swift; path = StoryboardGenerator.swift; sourceTree = "<group>"; };
		OBJ_22 /* StringsStructGenerator.swift */ = {isa = PBXFileReference; lastKnownFileType = sourcecode.swift; path = StringsStructGenerator.swift; sourceTree = "<group>"; };
		OBJ_23 /* StructGenerator.swift */ = {isa = PBXFileReference; lastKnownFileType = sourcecode.swift; path = StructGenerator.swift; sourceTree = "<group>"; };
		OBJ_24 /* ValidatedStructGenerator.swift */ = {isa = PBXFileReference; lastKnownFileType = sourcecode.swift; path = ValidatedStructGenerator.swift; sourceTree = "<group>"; };
		OBJ_26 /* AssetFolder.swift */ = {isa = PBXFileReference; lastKnownFileType = sourcecode.swift; path = AssetFolder.swift; sourceTree = "<group>"; };
		OBJ_27 /* ColorPalette.swift */ = {isa = PBXFileReference; lastKnownFileType = sourcecode.swift; path = ColorPalette.swift; sourceTree = "<group>"; };
		OBJ_28 /* Font.swift */ = {isa = PBXFileReference; lastKnownFileType = sourcecode.swift; path = Font.swift; sourceTree = "<group>"; };
		OBJ_29 /* Image.swift */ = {isa = PBXFileReference; lastKnownFileType = sourcecode.swift; path = Image.swift; sourceTree = "<group>"; };
		OBJ_30 /* Locale.swift */ = {isa = PBXFileReference; lastKnownFileType = sourcecode.swift; path = Locale.swift; sourceTree = "<group>"; };
		OBJ_31 /* LocalizableStrings.swift */ = {isa = PBXFileReference; lastKnownFileType = sourcecode.swift; path = LocalizableStrings.swift; sourceTree = "<group>"; };
		OBJ_32 /* Nib.swift */ = {isa = PBXFileReference; lastKnownFileType = sourcecode.swift; path = Nib.swift; sourceTree = "<group>"; };
		OBJ_33 /* ResourceFile.swift */ = {isa = PBXFileReference; lastKnownFileType = sourcecode.swift; path = ResourceFile.swift; sourceTree = "<group>"; };
		OBJ_34 /* Resources.swift */ = {isa = PBXFileReference; lastKnownFileType = sourcecode.swift; path = Resources.swift; sourceTree = "<group>"; };
		OBJ_35 /* ReusableContainer.swift */ = {isa = PBXFileReference; lastKnownFileType = sourcecode.swift; path = ReusableContainer.swift; sourceTree = "<group>"; };
		OBJ_36 /* Storyboard.swift */ = {isa = PBXFileReference; lastKnownFileType = sourcecode.swift; path = Storyboard.swift; sourceTree = "<group>"; };
		OBJ_37 /* StringParam.swift */ = {isa = PBXFileReference; lastKnownFileType = sourcecode.swift; path = StringParam.swift; sourceTree = "<group>"; };
		OBJ_38 /* Unifiable.swift */ = {isa = PBXFileReference; lastKnownFileType = sourcecode.swift; path = Unifiable.swift; sourceTree = "<group>"; };
		OBJ_39 /* WhiteListedExtensionsResourceType.swift */ = {isa = PBXFileReference; lastKnownFileType = sourcecode.swift; path = WhiteListedExtensionsResourceType.swift; sourceTree = "<group>"; };
		OBJ_40 /* Xcodeproj.swift */ = {isa = PBXFileReference; lastKnownFileType = sourcecode.swift; path = Xcodeproj.swift; sourceTree = "<group>"; };
		OBJ_41 /* RswiftCore.swift */ = {isa = PBXFileReference; lastKnownFileType = sourcecode.swift; path = RswiftCore.swift; sourceTree = "<group>"; };
		OBJ_43 /* AccessLevel.swift */ = {isa = PBXFileReference; lastKnownFileType = sourcecode.swift; path = AccessLevel.swift; sourceTree = "<group>"; };
		OBJ_44 /* Class.swift */ = {isa = PBXFileReference; lastKnownFileType = sourcecode.swift; path = Class.swift; sourceTree = "<group>"; };
		OBJ_46 /* HeaderPrinter.swift */ = {isa = PBXFileReference; lastKnownFileType = sourcecode.swift; path = HeaderPrinter.swift; sourceTree = "<group>"; };
		OBJ_47 /* ImportPrinter.swift */ = {isa = PBXFileReference; lastKnownFileType = sourcecode.swift; path = ImportPrinter.swift; sourceTree = "<group>"; };
		OBJ_48 /* SwiftCodeConverible.swift */ = {isa = PBXFileReference; lastKnownFileType = sourcecode.swift; path = SwiftCodeConverible.swift; sourceTree = "<group>"; };
		OBJ_49 /* TypePrinter.swift */ = {isa = PBXFileReference; lastKnownFileType = sourcecode.swift; path = TypePrinter.swift; sourceTree = "<group>"; };
		OBJ_50 /* Function.swift */ = {isa = PBXFileReference; lastKnownFileType = sourcecode.swift; path = Function.swift; sourceTree = "<group>"; };
		OBJ_51 /* Let.swift */ = {isa = PBXFileReference; lastKnownFileType = sourcecode.swift; path = Let.swift; sourceTree = "<group>"; };
		OBJ_52 /* Module.swift */ = {isa = PBXFileReference; lastKnownFileType = sourcecode.swift; path = Module.swift; sourceTree = "<group>"; };
		OBJ_53 /* Struct.swift */ = {isa = PBXFileReference; lastKnownFileType = sourcecode.swift; path = Struct.swift; sourceTree = "<group>"; };
		OBJ_54 /* Type.swift */ = {isa = PBXFileReference; lastKnownFileType = sourcecode.swift; path = Type.swift; sourceTree = "<group>"; };
		OBJ_55 /* TypeVar.swift */ = {isa = PBXFileReference; lastKnownFileType = sourcecode.swift; path = TypeVar.swift; sourceTree = "<group>"; };
		OBJ_56 /* Typealias.swift */ = {isa = PBXFileReference; lastKnownFileType = sourcecode.swift; path = Typealias.swift; sourceTree = "<group>"; };
		OBJ_58 /* ErrorOutput.swift */ = {isa = PBXFileReference; lastKnownFileType = sourcecode.swift; path = ErrorOutput.swift; sourceTree = "<group>"; };
		OBJ_59 /* Glob.swift */ = {isa = PBXFileReference; lastKnownFileType = sourcecode.swift; path = Glob.swift; sourceTree = "<group>"; };
		OBJ_6 /* Package.swift */ = {isa = PBXFileReference; explicitFileType = sourcecode.swift; path = Package.swift; sourceTree = "<group>"; };
		OBJ_60 /* IgnoreFile.swift */ = {isa = PBXFileReference; lastKnownFileType = sourcecode.swift; path = IgnoreFile.swift; sourceTree = "<group>"; };
		OBJ_61 /* Struct+InternalProperties.swift */ = {isa = PBXFileReference; lastKnownFileType = sourcecode.swift; path = "Struct+InternalProperties.swift"; sourceTree = "<group>"; };
		OBJ_62 /* SwiftIdentifier.swift */ = {isa = PBXFileReference; lastKnownFileType = sourcecode.swift; path = SwiftIdentifier.swift; sourceTree = "<group>"; };
		OBJ_63 /* TypeSequenceProvider.swift */ = {isa = PBXFileReference; lastKnownFileType = sourcecode.swift; path = TypeSequenceProvider.swift; sourceTree = "<group>"; };
		OBJ_64 /* UtilExtensions.swift */ = {isa = PBXFileReference; lastKnownFileType = sourcecode.swift; path = UtilExtensions.swift; sourceTree = "<group>"; };
		OBJ_66 /* Rswift.swift */ = {isa = PBXFileReference; lastKnownFileType = sourcecode.swift; path = Rswift.swift; sourceTree = "<group>"; };
		OBJ_67 /* main.swift */ = {isa = PBXFileReference; lastKnownFileType = sourcecode.swift; path = main.swift; sourceTree = "<group>"; };
		OBJ_70 /* GlobTests.swift */ = {isa = PBXFileReference; lastKnownFileType = sourcecode.swift; path = GlobTests.swift; sourceTree = "<group>"; };
		OBJ_71 /* MainTests.swift */ = {isa = PBXFileReference; lastKnownFileType = sourcecode.swift; path = MainTests.swift; sourceTree = "<group>"; };
		OBJ_75 /* AllObjects.swift */ = {isa = PBXFileReference; lastKnownFileType = sourcecode.swift; path = AllObjects.swift; sourceTree = "<group>"; };
		OBJ_76 /* Extensions.swift */ = {isa = PBXFileReference; lastKnownFileType = sourcecode.swift; path = Extensions.swift; sourceTree = "<group>"; };
		OBJ_77 /* PBXIdentifier.swift */ = {isa = PBXFileReference; lastKnownFileType = sourcecode.swift; path = PBXIdentifier.swift; sourceTree = "<group>"; };
		OBJ_78 /* PBXObject+Fields.swift */ = {isa = PBXFileReference; lastKnownFileType = sourcecode.swift; path = "PBXObject+Fields.swift"; sourceTree = "<group>"; };
		OBJ_79 /* PBXObject.swift */ = {isa = PBXFileReference; lastKnownFileType = sourcecode.swift; path = PBXObject.swift; sourceTree = "<group>"; };
		OBJ_8 /* RswiftConfig.xcconfig */ = {isa = PBXFileReference; lastKnownFileType = text.xcconfig; path = RswiftConfig.xcconfig; sourceTree = "<group>"; };
		OBJ_80 /* Serialization.swift */ = {isa = PBXFileReference; lastKnownFileType = sourcecode.swift; path = Serialization.swift; sourceTree = "<group>"; };
		OBJ_81 /* XCProjectFile+Rswift.swift */ = {isa = PBXFileReference; lastKnownFileType = sourcecode.swift; path = "XCProjectFile+Rswift.swift"; sourceTree = "<group>"; };
		OBJ_82 /* XCProjectFile.swift */ = {isa = PBXFileReference; lastKnownFileType = sourcecode.swift; path = XCProjectFile.swift; sourceTree = "<group>"; };
		OBJ_83 /* Package.swift */ = {isa = PBXFileReference; explicitFileType = sourcecode.swift; name = Package.swift; path = "/Users/langlib/Downloads/R.swift.OC-master-3/.build/checkouts/XcodeEdit/Package.swift"; sourceTree = "<group>"; };
		OBJ_86 /* ArgumentConvertible.swift */ = {isa = PBXFileReference; lastKnownFileType = sourcecode.swift; path = ArgumentConvertible.swift; sourceTree = "<group>"; };
		OBJ_87 /* ArgumentDescription.swift */ = {isa = PBXFileReference; lastKnownFileType = sourcecode.swift; path = ArgumentDescription.swift; sourceTree = "<group>"; };
		OBJ_88 /* ArgumentParser.swift */ = {isa = PBXFileReference; lastKnownFileType = sourcecode.swift; path = ArgumentParser.swift; sourceTree = "<group>"; };
		OBJ_89 /* Command.swift */ = {isa = PBXFileReference; lastKnownFileType = sourcecode.swift; path = Command.swift; sourceTree = "<group>"; };
		OBJ_90 /* CommandRunner.swift */ = {isa = PBXFileReference; lastKnownFileType = sourcecode.swift; path = CommandRunner.swift; sourceTree = "<group>"; };
		OBJ_91 /* CommandType.swift */ = {isa = PBXFileReference; lastKnownFileType = sourcecode.swift; path = CommandType.swift; sourceTree = "<group>"; };
		OBJ_92 /* Commands.swift */ = {isa = PBXFileReference; lastKnownFileType = sourcecode.swift; path = Commands.swift; sourceTree = "<group>"; };
		OBJ_93 /* Error.swift */ = {isa = PBXFileReference; lastKnownFileType = sourcecode.swift; path = Error.swift; sourceTree = "<group>"; };
		OBJ_94 /* Group.swift */ = {isa = PBXFileReference; lastKnownFileType = sourcecode.swift; path = Group.swift; sourceTree = "<group>"; };
		OBJ_95 /* Package.swift */ = {isa = PBXFileReference; explicitFileType = sourcecode.swift; name = Package.swift; path = "/Users/langlib/Downloads/R.swift.OC-master-3/.build/checkouts/Commander/Package.swift"; sourceTree = "<group>"; };
		"XcodeEdit::XcodeEdit::Product" /* XcodeEdit.framework */ = {isa = PBXFileReference; lastKnownFileType = wrapper.framework; path = XcodeEdit.framework; sourceTree = BUILT_PRODUCTS_DIR; };
		"rswift::RswiftCore::Product" /* RswiftCore.framework */ = {isa = PBXFileReference; lastKnownFileType = wrapper.framework; path = RswiftCore.framework; sourceTree = BUILT_PRODUCTS_DIR; };
		"rswift::RswiftCoreTests::Product" /* RswiftCoreTests.xctest */ = {isa = PBXFileReference; lastKnownFileType = file; path = RswiftCoreTests.xctest; sourceTree = BUILT_PRODUCTS_DIR; };
		"rswift::rswift::Product" /* rswift */ = {isa = PBXFileReference; lastKnownFileType = text; path = rswift; sourceTree = BUILT_PRODUCTS_DIR; };
/* End PBXFileReference section */

/* Begin PBXFrameworksBuildPhase section */
		OBJ_122 /* Frameworks */ = {
			isa = PBXFrameworksBuildPhase;
			buildActionMask = 0;
			files = (
			);
			runOnlyForDeploymentPostprocessing = 0;
		};
		OBJ_183 /* Frameworks */ = {
			isa = PBXFrameworksBuildPhase;
			buildActionMask = 0;
			files = (
				OBJ_184 /* XcodeEdit.framework in Frameworks */,
				OBJ_185 /* Commander.framework in Frameworks */,
			);
			runOnlyForDeploymentPostprocessing = 0;
		};
		OBJ_196 /* Frameworks */ = {
			isa = PBXFrameworksBuildPhase;
			buildActionMask = 0;
			files = (
				OBJ_197 /* RswiftCore.framework in Frameworks */,
				OBJ_198 /* XcodeEdit.framework in Frameworks */,
				OBJ_199 /* Commander.framework in Frameworks */,
			);
			runOnlyForDeploymentPostprocessing = 0;
		};
		OBJ_215 /* Frameworks */ = {
			isa = PBXFrameworksBuildPhase;
			buildActionMask = 0;
			files = (
			);
			runOnlyForDeploymentPostprocessing = 0;
		};
		OBJ_229 /* Frameworks */ = {
			isa = PBXFrameworksBuildPhase;
			buildActionMask = 0;
			files = (
				OBJ_230 /* RswiftCore.framework in Frameworks */,
				OBJ_231 /* XcodeEdit.framework in Frameworks */,
				OBJ_232 /* Commander.framework in Frameworks */,
			);
			runOnlyForDeploymentPostprocessing = 0;
		};
/* End PBXFrameworksBuildPhase section */

/* Begin PBXGroup section */
		OBJ_10 /* RswiftCore */ = {
			isa = PBXGroup;
			children = (
				OBJ_11 /* CallInformation.swift */,
				OBJ_12 /* Generators */,
				OBJ_25 /* ResourceTypes */,
				OBJ_41 /* RswiftCore.swift */,
				OBJ_42 /* SwiftTypes */,
				OBJ_57 /* Util */,
			);
			name = RswiftCore;
			path = Sources/RswiftCore;
			sourceTree = SOURCE_ROOT;
		};
		OBJ_12 /* Generators */ = {
			isa = PBXGroup;
			children = (
				OBJ_13 /* AggregatedStructGenerator.swift */,
				OBJ_14 /* ColorStructGenerator.swift */,
				OBJ_15 /* FontStructGenerator.swift */,
				OBJ_16 /* ImageStructGenerator.swift */,
				OBJ_17 /* NibStructGenerator.swift */,
				OBJ_18 /* ResourceFileStructGenerator.swift */,
				OBJ_19 /* ReuseIdentifierGenerator.swift */,
				OBJ_20 /* SegueGenerator.swift */,
				OBJ_21 /* StoryboardGenerator.swift */,
				OBJ_22 /* StringsStructGenerator.swift */,
				OBJ_23 /* StructGenerator.swift */,
				OBJ_24 /* ValidatedStructGenerator.swift */,
			);
			path = Generators;
			sourceTree = "<group>";
		};
		OBJ_25 /* ResourceTypes */ = {
			isa = PBXGroup;
			children = (
				OBJ_26 /* AssetFolder.swift */,
				OBJ_27 /* ColorPalette.swift */,
				OBJ_28 /* Font.swift */,
				OBJ_29 /* Image.swift */,
				OBJ_30 /* Locale.swift */,
				OBJ_31 /* LocalizableStrings.swift */,
				OBJ_32 /* Nib.swift */,
				OBJ_33 /* ResourceFile.swift */,
				OBJ_34 /* Resources.swift */,
				OBJ_35 /* ReusableContainer.swift */,
				OBJ_36 /* Storyboard.swift */,
				OBJ_37 /* StringParam.swift */,
				OBJ_38 /* Unifiable.swift */,
				OBJ_39 /* WhiteListedExtensionsResourceType.swift */,
				OBJ_40 /* Xcodeproj.swift */,
			);
			path = ResourceTypes;
			sourceTree = "<group>";
		};
		OBJ_42 /* SwiftTypes */ = {
			isa = PBXGroup;
			children = (
				OBJ_43 /* AccessLevel.swift */,
				OBJ_44 /* Class.swift */,
				OBJ_45 /* CodeGenerators */,
				OBJ_50 /* Function.swift */,
				OBJ_51 /* Let.swift */,
				OBJ_52 /* Module.swift */,
				OBJ_53 /* Struct.swift */,
				OBJ_54 /* Type.swift */,
				OBJ_55 /* TypeVar.swift */,
				OBJ_56 /* Typealias.swift */,
			);
			path = SwiftTypes;
			sourceTree = "<group>";
		};
		OBJ_45 /* CodeGenerators */ = {
			isa = PBXGroup;
			children = (
				OBJ_46 /* HeaderPrinter.swift */,
				OBJ_47 /* ImportPrinter.swift */,
				OBJ_48 /* SwiftCodeConverible.swift */,
				OBJ_49 /* TypePrinter.swift */,
			);
			path = CodeGenerators;
			sourceTree = "<group>";
		};
		OBJ_5 /*  */ = {
			isa = PBXGroup;
			children = (
				OBJ_6 /* Package.swift */,
				OBJ_7 /* Configs */,
				OBJ_9 /* Sources */,
				OBJ_68 /* Tests */,
				OBJ_72 /* Dependencies */,
				OBJ_96 /* Products */,
				OBJ_102 /* R.swiftTests */,
				OBJ_103 /* Documentation */,
				OBJ_104 /* ResourceApp */,
				OBJ_105 /* Pods */,
				OBJ_106 /* ResourceApp.xcworkspace */,
				OBJ_107 /* fastlane */,
			);
			name = "";
			sourceTree = "<group>";
		};
		OBJ_57 /* Util */ = {
			isa = PBXGroup;
			children = (
				OBJ_58 /* ErrorOutput.swift */,
				OBJ_59 /* Glob.swift */,
				OBJ_60 /* IgnoreFile.swift */,
				OBJ_61 /* Struct+InternalProperties.swift */,
				OBJ_62 /* SwiftIdentifier.swift */,
				OBJ_63 /* TypeSequenceProvider.swift */,
				OBJ_64 /* UtilExtensions.swift */,
			);
			path = Util;
			sourceTree = "<group>";
		};
		OBJ_65 /* rswift */ = {
			isa = PBXGroup;
			children = (
				OBJ_66 /* Rswift.swift */,
				OBJ_67 /* main.swift */,
			);
			name = rswift;
			path = Sources/rswift;
			sourceTree = SOURCE_ROOT;
		};
		OBJ_68 /* Tests */ = {
			isa = PBXGroup;
			children = (
				OBJ_69 /* RswiftCoreTests */,
			);
			name = Tests;
			sourceTree = SOURCE_ROOT;
		};
		OBJ_69 /* RswiftCoreTests */ = {
			isa = PBXGroup;
			children = (
				OBJ_70 /* GlobTests.swift */,
				OBJ_71 /* MainTests.swift */,
			);
			name = RswiftCoreTests;
			path = Tests/RswiftCoreTests;
			sourceTree = SOURCE_ROOT;
		};
		OBJ_7 /* Configs */ = {
			isa = PBXGroup;
			children = (
				OBJ_8 /* RswiftConfig.xcconfig */,
			);
			name = Configs;
			sourceTree = "<group>";
		};
		OBJ_72 /* Dependencies */ = {
			isa = PBXGroup;
			children = (
				OBJ_73 /* XcodeEdit 2.6.0 */,
				OBJ_84 /* Commander 0.8.0 */,
			);
			name = Dependencies;
			sourceTree = "<group>";
		};
		OBJ_73 /* XcodeEdit 2.6.0 */ = {
			isa = PBXGroup;
			children = (
				OBJ_74 /* XcodeEdit */,
				OBJ_83 /* Package.swift */,
			);
			name = "XcodeEdit 2.6.0";
			sourceTree = SOURCE_ROOT;
		};
		OBJ_74 /* XcodeEdit */ = {
			isa = PBXGroup;
			children = (
				OBJ_75 /* AllObjects.swift */,
				OBJ_76 /* Extensions.swift */,
				OBJ_77 /* PBXIdentifier.swift */,
				OBJ_78 /* PBXObject+Fields.swift */,
				OBJ_79 /* PBXObject.swift */,
				OBJ_80 /* Serialization.swift */,
				OBJ_81 /* XCProjectFile+Rswift.swift */,
				OBJ_82 /* XCProjectFile.swift */,
			);
			name = XcodeEdit;
			path = .build/checkouts/XcodeEdit/Sources/XcodeEdit;
			sourceTree = SOURCE_ROOT;
		};
		OBJ_84 /* Commander 0.8.0 */ = {
			isa = PBXGroup;
			children = (
				OBJ_85 /* Commander */,
				OBJ_95 /* Package.swift */,
			);
			name = "Commander 0.8.0";
			sourceTree = SOURCE_ROOT;
		};
		OBJ_85 /* Commander */ = {
			isa = PBXGroup;
			children = (
				OBJ_86 /* ArgumentConvertible.swift */,
				OBJ_87 /* ArgumentDescription.swift */,
				OBJ_88 /* ArgumentParser.swift */,
				OBJ_89 /* Command.swift */,
				OBJ_90 /* CommandRunner.swift */,
				OBJ_91 /* CommandType.swift */,
				OBJ_92 /* Commands.swift */,
				OBJ_93 /* Error.swift */,
				OBJ_94 /* Group.swift */,
			);
			name = Commander;
			path = .build/checkouts/Commander/Sources/Commander;
			sourceTree = SOURCE_ROOT;
		};
		OBJ_9 /* Sources */ = {
			isa = PBXGroup;
			children = (
				OBJ_10 /* RswiftCore */,
				OBJ_65 /* rswift */,
			);
			name = Sources;
			sourceTree = SOURCE_ROOT;
		};
		OBJ_96 /* Products */ = {
			isa = PBXGroup;
			children = (
				"Commander::Commander::Product" /* Commander.framework */,
				"rswift::rswift::Product" /* rswift */,
				"XcodeEdit::XcodeEdit::Product" /* XcodeEdit.framework */,
				"rswift::RswiftCoreTests::Product" /* RswiftCoreTests.xctest */,
				"rswift::RswiftCore::Product" /* RswiftCore.framework */,
			);
			name = Products;
			sourceTree = BUILT_PRODUCTS_DIR;
		};
/* End PBXGroup section */

/* Begin PBXNativeTarget section */
		"Commander::Commander" /* Commander */ = {
			isa = PBXNativeTarget;
			buildConfigurationList = OBJ_109 /* Build configuration list for PBXNativeTarget "Commander" */;
			buildPhases = (
				OBJ_112 /* Sources */,
				OBJ_122 /* Frameworks */,
			);
			buildRules = (
			);
			dependencies = (
			);
			name = Commander;
			productName = Commander;
			productReference = "Commander::Commander::Product" /* Commander.framework */;
			productType = "com.apple.product-type.framework";
		};
		"Commander::SwiftPMPackageDescription" /* CommanderPackageDescription */ = {
			isa = PBXNativeTarget;
			buildConfigurationList = OBJ_124 /* Build configuration list for PBXNativeTarget "CommanderPackageDescription" */;
			buildPhases = (
				OBJ_127 /* Sources */,
			);
			buildRules = (
			);
			dependencies = (
			);
			name = CommanderPackageDescription;
			productName = CommanderPackageDescription;
			productType = "com.apple.product-type.framework";
		};
		"XcodeEdit::SwiftPMPackageDescription" /* XcodeEditPackageDescription */ = {
			isa = PBXNativeTarget;
			buildConfigurationList = OBJ_217 /* Build configuration list for PBXNativeTarget "XcodeEditPackageDescription" */;
			buildPhases = (
				OBJ_220 /* Sources */,
			);
			buildRules = (
			);
			dependencies = (
			);
			name = XcodeEditPackageDescription;
			productName = XcodeEditPackageDescription;
			productType = "com.apple.product-type.framework";
		};
		"XcodeEdit::XcodeEdit" /* XcodeEdit */ = {
			isa = PBXNativeTarget;
			buildConfigurationList = OBJ_203 /* Build configuration list for PBXNativeTarget "XcodeEdit" */;
			buildPhases = (
				OBJ_206 /* Sources */,
				OBJ_215 /* Frameworks */,
			);
			buildRules = (
			);
			dependencies = (
			);
			name = XcodeEdit;
			productName = XcodeEdit;
			productReference = "XcodeEdit::XcodeEdit::Product" /* XcodeEdit.framework */;
			productType = "com.apple.product-type.framework";
		};
		"rswift::RswiftCore" /* RswiftCore */ = {
			isa = PBXNativeTarget;
			buildConfigurationList = OBJ_130 /* Build configuration list for PBXNativeTarget "RswiftCore" */;
			buildPhases = (
				OBJ_133 /* Sources */,
				OBJ_183 /* Frameworks */,
			);
			buildRules = (
			);
			dependencies = (
				OBJ_186 /* PBXTargetDependency */,
				OBJ_188 /* PBXTargetDependency */,
			);
			name = RswiftCore;
			productName = RswiftCore;
			productReference = "rswift::RswiftCore::Product" /* RswiftCore.framework */;
			productType = "com.apple.product-type.framework";
		};
		"rswift::RswiftCoreTests" /* RswiftCoreTests */ = {
			isa = PBXNativeTarget;
			buildConfigurationList = OBJ_190 /* Build configuration list for PBXNativeTarget "RswiftCoreTests" */;
			buildPhases = (
				OBJ_193 /* Sources */,
				OBJ_196 /* Frameworks */,
			);
			buildRules = (
			);
			dependencies = (
				OBJ_200 /* PBXTargetDependency */,
				OBJ_201 /* PBXTargetDependency */,
				OBJ_202 /* PBXTargetDependency */,
			);
			name = RswiftCoreTests;
			productName = RswiftCoreTests;
			productReference = "rswift::RswiftCoreTests::Product" /* RswiftCoreTests.xctest */;
			productType = "com.apple.product-type.bundle.unit-test";
		};
		"rswift::SwiftPMPackageDescription" /* rswiftPackageDescription */ = {
			isa = PBXNativeTarget;
			buildConfigurationList = OBJ_237 /* Build configuration list for PBXNativeTarget "rswiftPackageDescription" */;
			buildPhases = (
				OBJ_240 /* Sources */,
			);
			buildRules = (
			);
			dependencies = (
			);
			name = rswiftPackageDescription;
			productName = rswiftPackageDescription;
			productType = "com.apple.product-type.framework";
		};
		"rswift::rswift" /* rswift */ = {
			isa = PBXNativeTarget;
			buildConfigurationList = OBJ_223 /* Build configuration list for PBXNativeTarget "rswift" */;
			buildPhases = (
				OBJ_226 /* Sources */,
				OBJ_229 /* Frameworks */,
			);
			buildRules = (
			);
			dependencies = (
				OBJ_233 /* PBXTargetDependency */,
				OBJ_234 /* PBXTargetDependency */,
				OBJ_235 /* PBXTargetDependency */,
			);
			name = rswift;
			productName = rswift;
			productReference = "rswift::rswift::Product" /* rswift */;
			productType = "com.apple.product-type.tool";
		};
/* End PBXNativeTarget section */

/* Begin PBXProject section */
		OBJ_1 /* Project object */ = {
			isa = PBXProject;
			attributes = {
				LastSwiftMigration = 9999;
				LastUpgradeCheck = 9999;
			};
			buildConfigurationList = OBJ_2 /* Build configuration list for PBXProject "rswift" */;
			compatibilityVersion = "Xcode 3.2";
			developmentRegion = English;
			hasScannedForEncodings = 0;
			knownRegions = (
				English,
				en,
			);
			mainGroup = OBJ_5 /*  */;
			productRefGroup = OBJ_96 /* Products */;
			projectDirPath = "";
			projectRoot = "";
			targets = (
				"Commander::Commander" /* Commander */,
				"Commander::SwiftPMPackageDescription" /* CommanderPackageDescription */,
				"rswift::RswiftCore" /* RswiftCore */,
				"rswift::RswiftCoreTests" /* RswiftCoreTests */,
				"XcodeEdit::XcodeEdit" /* XcodeEdit */,
				"XcodeEdit::SwiftPMPackageDescription" /* XcodeEditPackageDescription */,
				"rswift::rswift" /* rswift */,
				"rswift::SwiftPMPackageDescription" /* rswiftPackageDescription */,
				"rswift::rswiftPackageTests::ProductTarget" /* rswiftPackageTests */,
			);
		};
/* End PBXProject section */

/* Begin PBXSourcesBuildPhase section */
		OBJ_112 /* Sources */ = {
			isa = PBXSourcesBuildPhase;
			buildActionMask = 0;
			files = (
				OBJ_113 /* ArgumentConvertible.swift in Sources */,
				OBJ_114 /* ArgumentDescription.swift in Sources */,
				OBJ_115 /* ArgumentParser.swift in Sources */,
				OBJ_116 /* Command.swift in Sources */,
				OBJ_117 /* CommandRunner.swift in Sources */,
				OBJ_118 /* CommandType.swift in Sources */,
				OBJ_119 /* Commands.swift in Sources */,
				OBJ_120 /* Error.swift in Sources */,
				OBJ_121 /* Group.swift in Sources */,
			);
			runOnlyForDeploymentPostprocessing = 0;
		};
		OBJ_127 /* Sources */ = {
			isa = PBXSourcesBuildPhase;
			buildActionMask = 0;
			files = (
				OBJ_128 /* Package.swift in Sources */,
			);
			runOnlyForDeploymentPostprocessing = 0;
		};
		OBJ_133 /* Sources */ = {
			isa = PBXSourcesBuildPhase;
			buildActionMask = 0;
			files = (
				OBJ_134 /* CallInformation.swift in Sources */,
				OBJ_135 /* AggregatedStructGenerator.swift in Sources */,
				OBJ_136 /* ColorStructGenerator.swift in Sources */,
				OBJ_137 /* FontStructGenerator.swift in Sources */,
				OBJ_138 /* ImageStructGenerator.swift in Sources */,
				OBJ_139 /* NibStructGenerator.swift in Sources */,
				OBJ_140 /* ResourceFileStructGenerator.swift in Sources */,
				OBJ_141 /* ReuseIdentifierGenerator.swift in Sources */,
				OBJ_142 /* SegueGenerator.swift in Sources */,
				OBJ_143 /* StoryboardGenerator.swift in Sources */,
				OBJ_144 /* StringsStructGenerator.swift in Sources */,
				OBJ_145 /* StructGenerator.swift in Sources */,
				OBJ_146 /* ValidatedStructGenerator.swift in Sources */,
				OBJ_147 /* AssetFolder.swift in Sources */,
				OBJ_148 /* ColorPalette.swift in Sources */,
				OBJ_149 /* Font.swift in Sources */,
				OBJ_150 /* Image.swift in Sources */,
				OBJ_151 /* Locale.swift in Sources */,
				OBJ_152 /* LocalizableStrings.swift in Sources */,
				OBJ_153 /* Nib.swift in Sources */,
				OBJ_154 /* ResourceFile.swift in Sources */,
				OBJ_155 /* Resources.swift in Sources */,
				OBJ_156 /* ReusableContainer.swift in Sources */,
				OBJ_157 /* Storyboard.swift in Sources */,
				OBJ_158 /* StringParam.swift in Sources */,
				OBJ_159 /* Unifiable.swift in Sources */,
				OBJ_160 /* WhiteListedExtensionsResourceType.swift in Sources */,
				OBJ_161 /* Xcodeproj.swift in Sources */,
				OBJ_162 /* RswiftCore.swift in Sources */,
				OBJ_163 /* AccessLevel.swift in Sources */,
				OBJ_164 /* Class.swift in Sources */,
				OBJ_165 /* HeaderPrinter.swift in Sources */,
				OBJ_166 /* ImportPrinter.swift in Sources */,
				OBJ_167 /* SwiftCodeConverible.swift in Sources */,
				OBJ_168 /* TypePrinter.swift in Sources */,
				OBJ_169 /* Function.swift in Sources */,
				OBJ_170 /* Let.swift in Sources */,
				OBJ_171 /* Module.swift in Sources */,
				OBJ_172 /* Struct.swift in Sources */,
				OBJ_173 /* Type.swift in Sources */,
				OBJ_174 /* TypeVar.swift in Sources */,
				OBJ_175 /* Typealias.swift in Sources */,
				OBJ_176 /* ErrorOutput.swift in Sources */,
				OBJ_177 /* Glob.swift in Sources */,
				OBJ_178 /* IgnoreFile.swift in Sources */,
				OBJ_179 /* Struct+InternalProperties.swift in Sources */,
				OBJ_180 /* SwiftIdentifier.swift in Sources */,
				OBJ_181 /* TypeSequenceProvider.swift in Sources */,
				OBJ_182 /* UtilExtensions.swift in Sources */,
			);
			runOnlyForDeploymentPostprocessing = 0;
		};
		OBJ_193 /* Sources */ = {
			isa = PBXSourcesBuildPhase;
			buildActionMask = 0;
			files = (
				OBJ_194 /* GlobTests.swift in Sources */,
				OBJ_195 /* MainTests.swift in Sources */,
			);
			runOnlyForDeploymentPostprocessing = 0;
		};
		OBJ_206 /* Sources */ = {
			isa = PBXSourcesBuildPhase;
			buildActionMask = 0;
			files = (
				OBJ_207 /* AllObjects.swift in Sources */,
				OBJ_208 /* Extensions.swift in Sources */,
				OBJ_209 /* PBXIdentifier.swift in Sources */,
				OBJ_210 /* PBXObject+Fields.swift in Sources */,
				OBJ_211 /* PBXObject.swift in Sources */,
				OBJ_212 /* Serialization.swift in Sources */,
				OBJ_213 /* XCProjectFile+Rswift.swift in Sources */,
				OBJ_214 /* XCProjectFile.swift in Sources */,
			);
			runOnlyForDeploymentPostprocessing = 0;
		};
		OBJ_220 /* Sources */ = {
			isa = PBXSourcesBuildPhase;
			buildActionMask = 0;
			files = (
				OBJ_221 /* Package.swift in Sources */,
			);
			runOnlyForDeploymentPostprocessing = 0;
		};
		OBJ_226 /* Sources */ = {
			isa = PBXSourcesBuildPhase;
			buildActionMask = 0;
			files = (
				OBJ_227 /* Rswift.swift in Sources */,
				OBJ_228 /* main.swift in Sources */,
			);
			runOnlyForDeploymentPostprocessing = 0;
		};
		OBJ_240 /* Sources */ = {
			isa = PBXSourcesBuildPhase;
			buildActionMask = 0;
			files = (
				OBJ_241 /* Package.swift in Sources */,
			);
			runOnlyForDeploymentPostprocessing = 0;
		};
/* End PBXSourcesBuildPhase section */

/* Begin PBXTargetDependency section */
		OBJ_186 /* PBXTargetDependency */ = {
			isa = PBXTargetDependency;
			target = "XcodeEdit::XcodeEdit" /* XcodeEdit */;
			targetProxy = DC977A48228D37CC00694743 /* PBXContainerItemProxy */;
		};
		OBJ_188 /* PBXTargetDependency */ = {
			isa = PBXTargetDependency;
			target = "Commander::Commander" /* Commander */;
			targetProxy = DC977A49228D37CC00694743 /* PBXContainerItemProxy */;
		};
		OBJ_200 /* PBXTargetDependency */ = {
			isa = PBXTargetDependency;
			target = "rswift::RswiftCore" /* RswiftCore */;
			targetProxy = DC977A4C228D37CC00694743 /* PBXContainerItemProxy */;
		};
		OBJ_201 /* PBXTargetDependency */ = {
			isa = PBXTargetDependency;
			target = "XcodeEdit::XcodeEdit" /* XcodeEdit */;
			targetProxy = DC977A4D228D37CC00694743 /* PBXContainerItemProxy */;
		};
		OBJ_202 /* PBXTargetDependency */ = {
			isa = PBXTargetDependency;
			target = "Commander::Commander" /* Commander */;
			targetProxy = DC977A4E228D37CC00694743 /* PBXContainerItemProxy */;
		};
		OBJ_233 /* PBXTargetDependency */ = {
			isa = PBXTargetDependency;
			target = "rswift::RswiftCore" /* RswiftCore */;
			targetProxy = DC977A47228D37CC00694743 /* PBXContainerItemProxy */;
		};
		OBJ_234 /* PBXTargetDependency */ = {
			isa = PBXTargetDependency;
			target = "XcodeEdit::XcodeEdit" /* XcodeEdit */;
			targetProxy = DC977A4A228D37CC00694743 /* PBXContainerItemProxy */;
		};
		OBJ_235 /* PBXTargetDependency */ = {
			isa = PBXTargetDependency;
			target = "Commander::Commander" /* Commander */;
			targetProxy = DC977A4B228D37CC00694743 /* PBXContainerItemProxy */;
		};
		OBJ_246 /* PBXTargetDependency */ = {
			isa = PBXTargetDependency;
			target = "rswift::RswiftCoreTests" /* RswiftCoreTests */;
			targetProxy = DC977A4F228D37E700694743 /* PBXContainerItemProxy */;
		};
/* End PBXTargetDependency section */

/* Begin XCBuildConfiguration section */
		OBJ_110 /* Debug */ = {
			isa = XCBuildConfiguration;
			baseConfigurationReference = OBJ_8 /* RswiftConfig.xcconfig */;
			buildSettings = {
				ENABLE_TESTABILITY = YES;
				FRAMEWORK_SEARCH_PATHS = (
					"$(inherited)",
					"$(PLATFORM_DIR)/Developer/Library/Frameworks",
				);
				HEADER_SEARCH_PATHS = "$(inherited)";
				INFOPLIST_FILE = rswift.xcodeproj/Commander_Info.plist;
				LD_RUNPATH_SEARCH_PATHS = "$(inherited) $(TOOLCHAIN_DIR)/usr/lib/swift/macosx";
				OTHER_CFLAGS = "$(inherited)";
				OTHER_LDFLAGS = "$(inherited)";
				OTHER_SWIFT_FLAGS = "$(inherited)";
				PRODUCT_BUNDLE_IDENTIFIER = Commander;
				PRODUCT_MODULE_NAME = "$(TARGET_NAME:c99extidentifier)";
				PRODUCT_NAME = "$(TARGET_NAME:c99extidentifier)";
				SKIP_INSTALL = YES;
				SWIFT_ACTIVE_COMPILATION_CONDITIONS = "$(inherited)";
				SWIFT_VERSION = 4.2;
				TARGET_NAME = Commander;
			};
			name = Debug;
		};
		OBJ_111 /* Release */ = {
			isa = XCBuildConfiguration;
			baseConfigurationReference = OBJ_8 /* RswiftConfig.xcconfig */;
			buildSettings = {
				ENABLE_TESTABILITY = YES;
				FRAMEWORK_SEARCH_PATHS = (
					"$(inherited)",
					"$(PLATFORM_DIR)/Developer/Library/Frameworks",
				);
				HEADER_SEARCH_PATHS = "$(inherited)";
				INFOPLIST_FILE = rswift.xcodeproj/Commander_Info.plist;
				LD_RUNPATH_SEARCH_PATHS = "$(inherited) $(TOOLCHAIN_DIR)/usr/lib/swift/macosx";
				OTHER_CFLAGS = "$(inherited)";
				OTHER_LDFLAGS = "$(inherited)";
				OTHER_SWIFT_FLAGS = "$(inherited)";
				PRODUCT_BUNDLE_IDENTIFIER = Commander;
				PRODUCT_MODULE_NAME = "$(TARGET_NAME:c99extidentifier)";
				PRODUCT_NAME = "$(TARGET_NAME:c99extidentifier)";
				SKIP_INSTALL = YES;
				SWIFT_ACTIVE_COMPILATION_CONDITIONS = "$(inherited)";
				SWIFT_VERSION = 4.2;
				TARGET_NAME = Commander;
			};
			name = Release;
		};
		OBJ_125 /* Debug */ = {
			isa = XCBuildConfiguration;
			buildSettings = {
				LD = /usr/bin/true;
				OTHER_SWIFT_FLAGS = "-swift-version 4 -I $(TOOLCHAIN_DIR)/usr/lib/swift/pm/4 -target x86_64-apple-macosx10.10 -sdk /Applications/Xcode.app/Contents/Developer/Platforms/MacOSX.platform/Developer/SDKs/MacOSX10.14.sdk";
				SWIFT_VERSION = 4.2;
			};
			name = Debug;
		};
		OBJ_126 /* Release */ = {
			isa = XCBuildConfiguration;
			buildSettings = {
				LD = /usr/bin/true;
				OTHER_SWIFT_FLAGS = "-swift-version 4 -I $(TOOLCHAIN_DIR)/usr/lib/swift/pm/4 -target x86_64-apple-macosx10.10 -sdk /Applications/Xcode.app/Contents/Developer/Platforms/MacOSX.platform/Developer/SDKs/MacOSX10.14.sdk";
				SWIFT_VERSION = 4.2;
			};
			name = Release;
		};
		OBJ_131 /* Debug */ = {
			isa = XCBuildConfiguration;
			baseConfigurationReference = OBJ_8 /* RswiftConfig.xcconfig */;
			buildSettings = {
				ENABLE_TESTABILITY = YES;
				FRAMEWORK_SEARCH_PATHS = (
					"$(inherited)",
					"$(PLATFORM_DIR)/Developer/Library/Frameworks",
				);
				HEADER_SEARCH_PATHS = "$(inherited)";
				INFOPLIST_FILE = rswift.xcodeproj/RswiftCore_Info.plist;
				LD_RUNPATH_SEARCH_PATHS = "$(inherited) $(TOOLCHAIN_DIR)/usr/lib/swift/macosx";
				OTHER_CFLAGS = "$(inherited)";
				OTHER_LDFLAGS = "$(inherited)";
				OTHER_SWIFT_FLAGS = "$(inherited)";
				PRODUCT_BUNDLE_IDENTIFIER = RswiftCore;
				PRODUCT_MODULE_NAME = "$(TARGET_NAME:c99extidentifier)";
				PRODUCT_NAME = "$(TARGET_NAME:c99extidentifier)";
				SKIP_INSTALL = YES;
				SWIFT_ACTIVE_COMPILATION_CONDITIONS = "$(inherited)";
				SWIFT_VERSION = 4.2;
				TARGET_NAME = RswiftCore;
			};
			name = Debug;
		};
		OBJ_132 /* Release */ = {
			isa = XCBuildConfiguration;
			baseConfigurationReference = OBJ_8 /* RswiftConfig.xcconfig */;
			buildSettings = {
				ENABLE_TESTABILITY = YES;
				FRAMEWORK_SEARCH_PATHS = (
					"$(inherited)",
					"$(PLATFORM_DIR)/Developer/Library/Frameworks",
				);
				HEADER_SEARCH_PATHS = "$(inherited)";
				INFOPLIST_FILE = rswift.xcodeproj/RswiftCore_Info.plist;
				LD_RUNPATH_SEARCH_PATHS = "$(inherited) $(TOOLCHAIN_DIR)/usr/lib/swift/macosx";
				OTHER_CFLAGS = "$(inherited)";
				OTHER_LDFLAGS = "$(inherited)";
				OTHER_SWIFT_FLAGS = "$(inherited)";
				PRODUCT_BUNDLE_IDENTIFIER = RswiftCore;
				PRODUCT_MODULE_NAME = "$(TARGET_NAME:c99extidentifier)";
				PRODUCT_NAME = "$(TARGET_NAME:c99extidentifier)";
				SKIP_INSTALL = YES;
				SWIFT_ACTIVE_COMPILATION_CONDITIONS = "$(inherited)";
				SWIFT_VERSION = 4.2;
				TARGET_NAME = RswiftCore;
			};
			name = Release;
		};
		OBJ_191 /* Debug */ = {
			isa = XCBuildConfiguration;
			baseConfigurationReference = OBJ_8 /* RswiftConfig.xcconfig */;
			buildSettings = {
				CLANG_ENABLE_MODULES = YES;
				EMBEDDED_CONTENT_CONTAINS_SWIFT = YES;
				FRAMEWORK_SEARCH_PATHS = (
					"$(inherited)",
					"$(PLATFORM_DIR)/Developer/Library/Frameworks",
				);
				HEADER_SEARCH_PATHS = "$(inherited)";
				INFOPLIST_FILE = rswift.xcodeproj/RswiftCoreTests_Info.plist;
				LD_RUNPATH_SEARCH_PATHS = "$(inherited) @loader_path/../Frameworks @loader_path/Frameworks";
				OTHER_CFLAGS = "$(inherited)";
				OTHER_LDFLAGS = "$(inherited)";
				OTHER_SWIFT_FLAGS = "$(inherited)";
				SWIFT_ACTIVE_COMPILATION_CONDITIONS = "$(inherited)";
				SWIFT_VERSION = 4.2;
				TARGET_NAME = RswiftCoreTests;
			};
			name = Debug;
		};
		OBJ_192 /* Release */ = {
			isa = XCBuildConfiguration;
			baseConfigurationReference = OBJ_8 /* RswiftConfig.xcconfig */;
			buildSettings = {
				CLANG_ENABLE_MODULES = YES;
				EMBEDDED_CONTENT_CONTAINS_SWIFT = YES;
				FRAMEWORK_SEARCH_PATHS = (
					"$(inherited)",
					"$(PLATFORM_DIR)/Developer/Library/Frameworks",
				);
				HEADER_SEARCH_PATHS = "$(inherited)";
				INFOPLIST_FILE = rswift.xcodeproj/RswiftCoreTests_Info.plist;
				LD_RUNPATH_SEARCH_PATHS = "$(inherited) @loader_path/../Frameworks @loader_path/Frameworks";
				OTHER_CFLAGS = "$(inherited)";
				OTHER_LDFLAGS = "$(inherited)";
				OTHER_SWIFT_FLAGS = "$(inherited)";
				SWIFT_ACTIVE_COMPILATION_CONDITIONS = "$(inherited)";
				SWIFT_VERSION = 4.2;
				TARGET_NAME = RswiftCoreTests;
			};
			name = Release;
		};
		OBJ_204 /* Debug */ = {
			isa = XCBuildConfiguration;
			baseConfigurationReference = OBJ_8 /* RswiftConfig.xcconfig */;
			buildSettings = {
				ENABLE_TESTABILITY = YES;
				FRAMEWORK_SEARCH_PATHS = (
					"$(inherited)",
					"$(PLATFORM_DIR)/Developer/Library/Frameworks",
				);
				HEADER_SEARCH_PATHS = "$(inherited)";
				INFOPLIST_FILE = rswift.xcodeproj/XcodeEdit_Info.plist;
				LD_RUNPATH_SEARCH_PATHS = "$(inherited) $(TOOLCHAIN_DIR)/usr/lib/swift/macosx";
				OTHER_CFLAGS = "$(inherited)";
				OTHER_LDFLAGS = "$(inherited)";
				OTHER_SWIFT_FLAGS = "$(inherited)";
				PRODUCT_BUNDLE_IDENTIFIER = XcodeEdit;
				PRODUCT_MODULE_NAME = "$(TARGET_NAME:c99extidentifier)";
				PRODUCT_NAME = "$(TARGET_NAME:c99extidentifier)";
				SKIP_INSTALL = YES;
				SWIFT_ACTIVE_COMPILATION_CONDITIONS = "$(inherited)";
				SWIFT_VERSION = 4.2;
				TARGET_NAME = XcodeEdit;
			};
			name = Debug;
		};
		OBJ_205 /* Release */ = {
			isa = XCBuildConfiguration;
			baseConfigurationReference = OBJ_8 /* RswiftConfig.xcconfig */;
			buildSettings = {
				ENABLE_TESTABILITY = YES;
				FRAMEWORK_SEARCH_PATHS = (
					"$(inherited)",
					"$(PLATFORM_DIR)/Developer/Library/Frameworks",
				);
				HEADER_SEARCH_PATHS = "$(inherited)";
				INFOPLIST_FILE = rswift.xcodeproj/XcodeEdit_Info.plist;
				LD_RUNPATH_SEARCH_PATHS = "$(inherited) $(TOOLCHAIN_DIR)/usr/lib/swift/macosx";
				OTHER_CFLAGS = "$(inherited)";
				OTHER_LDFLAGS = "$(inherited)";
				OTHER_SWIFT_FLAGS = "$(inherited)";
				PRODUCT_BUNDLE_IDENTIFIER = XcodeEdit;
				PRODUCT_MODULE_NAME = "$(TARGET_NAME:c99extidentifier)";
				PRODUCT_NAME = "$(TARGET_NAME:c99extidentifier)";
				SKIP_INSTALL = YES;
				SWIFT_ACTIVE_COMPILATION_CONDITIONS = "$(inherited)";
				SWIFT_VERSION = 4.2;
				TARGET_NAME = XcodeEdit;
			};
			name = Release;
		};
		OBJ_218 /* Debug */ = {
			isa = XCBuildConfiguration;
			buildSettings = {
				LD = /usr/bin/true;
				OTHER_SWIFT_FLAGS = "-swift-version 4.2 -I $(TOOLCHAIN_DIR)/usr/lib/swift/pm/4_2 -target x86_64-apple-macosx10.10 -sdk /Applications/Xcode.app/Contents/Developer/Platforms/MacOSX.platform/Developer/SDKs/MacOSX10.14.sdk";
				SWIFT_VERSION = 4.2;
			};
			name = Debug;
		};
		OBJ_219 /* Release */ = {
			isa = XCBuildConfiguration;
			buildSettings = {
				LD = /usr/bin/true;
				OTHER_SWIFT_FLAGS = "-swift-version 4.2 -I $(TOOLCHAIN_DIR)/usr/lib/swift/pm/4_2 -target x86_64-apple-macosx10.10 -sdk /Applications/Xcode.app/Contents/Developer/Platforms/MacOSX.platform/Developer/SDKs/MacOSX10.14.sdk";
				SWIFT_VERSION = 4.2;
			};
			name = Release;
		};
		OBJ_224 /* Debug */ = {
			isa = XCBuildConfiguration;
			baseConfigurationReference = OBJ_8 /* RswiftConfig.xcconfig */;
			buildSettings = {
				FRAMEWORK_SEARCH_PATHS = (
					"$(inherited)",
					"$(PLATFORM_DIR)/Developer/Library/Frameworks",
				);
				HEADER_SEARCH_PATHS = "$(inherited)";
				INFOPLIST_FILE = rswift.xcodeproj/rswift_Info.plist;
				LD_RUNPATH_SEARCH_PATHS = "$(inherited) $(TOOLCHAIN_DIR)/usr/lib/swift/macosx @executable_path";
				OTHER_CFLAGS = "$(inherited)";
				OTHER_LDFLAGS = "$(inherited)";
				OTHER_SWIFT_FLAGS = "$(inherited)";
				SWIFT_ACTIVE_COMPILATION_CONDITIONS = "$(inherited)";
				SWIFT_FORCE_DYNAMIC_LINK_STDLIB = YES;
				SWIFT_FORCE_STATIC_LINK_STDLIB = NO;
				SWIFT_VERSION = 4.2;
				TARGET_NAME = rswift;
			};
			name = Debug;
		};
		OBJ_225 /* Release */ = {
			isa = XCBuildConfiguration;
			baseConfigurationReference = OBJ_8 /* RswiftConfig.xcconfig */;
			buildSettings = {
				FRAMEWORK_SEARCH_PATHS = (
					"$(inherited)",
					"$(PLATFORM_DIR)/Developer/Library/Frameworks",
				);
				HEADER_SEARCH_PATHS = "$(inherited)";
				INFOPLIST_FILE = rswift.xcodeproj/rswift_Info.plist;
				LD_RUNPATH_SEARCH_PATHS = "$(inherited) $(TOOLCHAIN_DIR)/usr/lib/swift/macosx @executable_path";
				OTHER_CFLAGS = "$(inherited)";
				OTHER_LDFLAGS = "$(inherited)";
				OTHER_SWIFT_FLAGS = "$(inherited)";
				SWIFT_ACTIVE_COMPILATION_CONDITIONS = "$(inherited)";
				SWIFT_FORCE_DYNAMIC_LINK_STDLIB = YES;
				SWIFT_FORCE_STATIC_LINK_STDLIB = NO;
				SWIFT_VERSION = 4.2;
				TARGET_NAME = rswift;
			};
			name = Release;
		};
		OBJ_238 /* Debug */ = {
			isa = XCBuildConfiguration;
			buildSettings = {
				LD = /usr/bin/true;
				OTHER_SWIFT_FLAGS = "-swift-version 4.2 -I $(TOOLCHAIN_DIR)/usr/lib/swift/pm/4_2 -target x86_64-apple-macosx10.10 -sdk /Applications/Xcode.app/Contents/Developer/Platforms/MacOSX.platform/Developer/SDKs/MacOSX10.14.sdk";
				SWIFT_VERSION = 4.2;
			};
			name = Debug;
		};
		OBJ_239 /* Release */ = {
			isa = XCBuildConfiguration;
			buildSettings = {
				LD = /usr/bin/true;
				OTHER_SWIFT_FLAGS = "-swift-version 4.2 -I $(TOOLCHAIN_DIR)/usr/lib/swift/pm/4_2 -target x86_64-apple-macosx10.10 -sdk /Applications/Xcode.app/Contents/Developer/Platforms/MacOSX.platform/Developer/SDKs/MacOSX10.14.sdk";
				SWIFT_VERSION = 4.2;
			};
			name = Release;
		};
		OBJ_244 /* Debug */ = {
			isa = XCBuildConfiguration;
			buildSettings = {
			};
			name = Debug;
		};
		OBJ_245 /* Release */ = {
			isa = XCBuildConfiguration;
			buildSettings = {
			};
			name = Release;
		};
		OBJ_3 /* Debug */ = {
			isa = XCBuildConfiguration;
			buildSettings = {
				CLANG_ENABLE_OBJC_ARC = YES;
				COMBINE_HIDPI_IMAGES = YES;
				COPY_PHASE_STRIP = NO;
				DEBUG_INFORMATION_FORMAT = dwarf;
				DYLIB_INSTALL_NAME_BASE = "@rpath";
				ENABLE_NS_ASSERTIONS = YES;
				GCC_OPTIMIZATION_LEVEL = 0;
				GCC_PREPROCESSOR_DEFINITIONS = (
					"$(inherited)",
					"SWIFT_PACKAGE=1",
					"DEBUG=1",
				);
				MACOSX_DEPLOYMENT_TARGET = 10.12;
				ONLY_ACTIVE_ARCH = YES;
				OTHER_SWIFT_FLAGS = "-DXcode";
				PRODUCT_NAME = "$(TARGET_NAME)";
				SDKROOT = macosx;
				SUPPORTED_PLATFORMS = "macosx iphoneos iphonesimulator appletvos appletvsimulator watchos watchsimulator";
				SWIFT_ACTIVE_COMPILATION_CONDITIONS = "$(inherited) SWIFT_PACKAGE DEBUG";
				SWIFT_OPTIMIZATION_LEVEL = "-Onone";
				USE_HEADERMAP = NO;
			};
			name = Debug;
		};
		OBJ_4 /* Release */ = {
			isa = XCBuildConfiguration;
			buildSettings = {
				CLANG_ENABLE_OBJC_ARC = YES;
				COMBINE_HIDPI_IMAGES = YES;
				COPY_PHASE_STRIP = YES;
				DEBUG_INFORMATION_FORMAT = "dwarf-with-dsym";
				DYLIB_INSTALL_NAME_BASE = "@rpath";
				GCC_OPTIMIZATION_LEVEL = s;
				GCC_PREPROCESSOR_DEFINITIONS = (
					"$(inherited)",
					"SWIFT_PACKAGE=1",
				);
				MACOSX_DEPLOYMENT_TARGET = 10.12;
				OTHER_SWIFT_FLAGS = "-DXcode";
				PRODUCT_NAME = "$(TARGET_NAME)";
				SDKROOT = macosx;
				SUPPORTED_PLATFORMS = "macosx iphoneos iphonesimulator appletvos appletvsimulator watchos watchsimulator";
				SWIFT_ACTIVE_COMPILATION_CONDITIONS = "$(inherited) SWIFT_PACKAGE";
				SWIFT_OPTIMIZATION_LEVEL = "-Owholemodule";
				USE_HEADERMAP = NO;
			};
			name = Release;
		};
/* End XCBuildConfiguration section */

/* Begin XCConfigurationList section */
		OBJ_109 /* Build configuration list for PBXNativeTarget "Commander" */ = {
			isa = XCConfigurationList;
			buildConfigurations = (
				OBJ_110 /* Debug */,
				OBJ_111 /* Release */,
			);
			defaultConfigurationIsVisible = 0;
			defaultConfigurationName = Release;
		};
		OBJ_124 /* Build configuration list for PBXNativeTarget "CommanderPackageDescription" */ = {
			isa = XCConfigurationList;
			buildConfigurations = (
				OBJ_125 /* Debug */,
				OBJ_126 /* Release */,
			);
			defaultConfigurationIsVisible = 0;
			defaultConfigurationName = Release;
		};
		OBJ_130 /* Build configuration list for PBXNativeTarget "RswiftCore" */ = {
			isa = XCConfigurationList;
			buildConfigurations = (
				OBJ_131 /* Debug */,
				OBJ_132 /* Release */,
			);
			defaultConfigurationIsVisible = 0;
			defaultConfigurationName = Release;
		};
		OBJ_190 /* Build configuration list for PBXNativeTarget "RswiftCoreTests" */ = {
			isa = XCConfigurationList;
			buildConfigurations = (
				OBJ_191 /* Debug */,
				OBJ_192 /* Release */,
			);
			defaultConfigurationIsVisible = 0;
			defaultConfigurationName = Release;
		};
		OBJ_2 /* Build configuration list for PBXProject "rswift" */ = {
			isa = XCConfigurationList;
			buildConfigurations = (
				OBJ_3 /* Debug */,
				OBJ_4 /* Release */,
			);
			defaultConfigurationIsVisible = 0;
			defaultConfigurationName = Release;
		};
		OBJ_203 /* Build configuration list for PBXNativeTarget "XcodeEdit" */ = {
			isa = XCConfigurationList;
			buildConfigurations = (
				OBJ_204 /* Debug */,
				OBJ_205 /* Release */,
			);
			defaultConfigurationIsVisible = 0;
			defaultConfigurationName = Release;
		};
		OBJ_217 /* Build configuration list for PBXNativeTarget "XcodeEditPackageDescription" */ = {
			isa = XCConfigurationList;
			buildConfigurations = (
				OBJ_218 /* Debug */,
				OBJ_219 /* Release */,
			);
			defaultConfigurationIsVisible = 0;
			defaultConfigurationName = Release;
		};
		OBJ_223 /* Build configuration list for PBXNativeTarget "rswift" */ = {
			isa = XCConfigurationList;
			buildConfigurations = (
				OBJ_224 /* Debug */,
				OBJ_225 /* Release */,
			);
			defaultConfigurationIsVisible = 0;
			defaultConfigurationName = Release;
		};
		OBJ_237 /* Build configuration list for PBXNativeTarget "rswiftPackageDescription" */ = {
			isa = XCConfigurationList;
			buildConfigurations = (
				OBJ_238 /* Debug */,
				OBJ_239 /* Release */,
			);
			defaultConfigurationIsVisible = 0;
			defaultConfigurationName = Release;
		};
		OBJ_243 /* Build configuration list for PBXAggregateTarget "rswiftPackageTests" */ = {
			isa = XCConfigurationList;
			buildConfigurations = (
				OBJ_244 /* Debug */,
				OBJ_245 /* Release */,
			);
			defaultConfigurationIsVisible = 0;
			defaultConfigurationName = Release;
		};
/* End XCConfigurationList section */
	};
	rootObject = OBJ_1 /* Project object */;
}
